// !$*UTF8*$!
{
	archiveVersion = 1;
	classes = {
	};
	objectVersion = 77;
	objects = {

/* Begin PBXBuildFile section */
		0C4B39C32E4303E300E5910C /* SwiftSoup in Frameworks */ = {isa = PBXBuildFile; productRef = 0C4B39C22E4303E300E5910C /* SwiftSoup */; };
		0C4B3A6A2E49925100E5910C /* GooglePlaces in Frameworks */ = {isa = PBXBuildFile; productRef = 0C4B3A692E49925100E5910C /* GooglePlaces */; };
		0C4B3A6C2E49925100E5910C /* GooglePlacesSwift in Frameworks */ = {isa = PBXBuildFile; productRef = 0C4B3A6B2E49925100E5910C /* GooglePlacesSwift */; };
		0CFDA8442DAFA3A300D21BD2 /* SnapKit in Frameworks */ = {isa = PBXBuildFile; productRef = 0CFDA8432DAFA3A300D21BD2 /* SnapKit */; };
		0CFDA8472DAFA3AC00D21BD2 /* Alamofire in Frameworks */ = {isa = PBXBuildFile; productRef = 0CFDA8462DAFA3AC00D21BD2 /* Alamofire */; };
/* End PBXBuildFile section */

/* Begin PBXFileReference section */
		0CFDA81C2DAF9B8000D21BD2 /* formosaOilStation.app */ = {isa = PBXFileReference; explicitFileType = wrapper.application; includeInIndex = 0; path = formosaOilStation.app; sourceTree = BUILT_PRODUCTS_DIR; };
/* End PBXFileReference section */

/* Begin PBXFileSystemSynchronizedBuildFileExceptionSet section */
		0CFDA82E2DAF9B8100D21BD2 /* Exceptions for "formosaOilStation" folder in "formosaOilStation" target */ = {
			isa = PBXFileSystemSynchronizedBuildFileExceptionSet;
			membershipExceptions = (
				Info.plist,
			);
			target = 0CFDA81B2DAF9B8000D21BD2 /* formosaOilStation */;
		};
/* End PBXFileSystemSynchronizedBuildFileExceptionSet section */

/* Begin PBXFileSystemSynchronizedRootGroup section */
		0CFDA81E2DAF9B8000D21BD2 /* formosaOilStation */ = {
			isa = PBXFileSystemSynchronizedRootGroup;
			exceptions = (
				0CFDA82E2DAF9B8100D21BD2 /* Exceptions for "formosaOilStation" folder in "formosaOilStation" target */,
			);
			path = formosaOilStation;
			sourceTree = "<group>";
		};
/* End PBXFileSystemSynchronizedRootGroup section */

/* Begin PBXFrameworksBuildPhase section */
		0CFDA8192DAF9B8000D21BD2 /* Frameworks */ = {
			isa = PBXFrameworksBuildPhase;
			buildActionMask = 2147483647;
			files = (
				0CFDA8442DAFA3A300D21BD2 /* SnapKit in Frameworks */,
				0C4B3A6C2E49925100E5910C /* GooglePlacesSwift in Frameworks */,
				0C4B3A6A2E49925100E5910C /* GooglePlaces in Frameworks */,
				0CFDA8472DAFA3AC00D21BD2 /* Alamofire in Frameworks */,
				0C4B39C32E4303E300E5910C /* SwiftSoup in Frameworks */,
			);
			runOnlyForDeploymentPostprocessing = 0;
		};
/* End PBXFrameworksBuildPhase section */

/* Begin PBXGroup section */
		0CFDA8132DAF9B8000D21BD2 = {
			isa = PBXGroup;
			children = (
				0CFDA81E2DAF9B8000D21BD2 /* formosaOilStation */,
				0CFDA81D2DAF9B8000D21BD2 /* Products */,
			);
			sourceTree = "<group>";
		};
		0CFDA81D2DAF9B8000D21BD2 /* Products */ = {
			isa = PBXGroup;
			children = (
				0CFDA81C2DAF9B8000D21BD2 /* formosaOilStation.app */,
			);
			name = Products;
			sourceTree = "<group>";
		};
/* End PBXGroup section */

/* Begin PBXNativeTarget section */
		0CFDA81B2DAF9B8000D21BD2 /* formosaOilStation */ = {
			isa = PBXNativeTarget;
			buildConfigurationList = 0CFDA82F2DAF9B8100D21BD2 /* Build configuration list for PBXNativeTarget "formosaOilStation" */;
			buildPhases = (
				0CFDA8182DAF9B8000D21BD2 /* Sources */,
				0CFDA8192DAF9B8000D21BD2 /* Frameworks */,
				0CFDA81A2DAF9B8000D21BD2 /* Resources */,
			);
			buildRules = (
			);
			dependencies = (
			);
			fileSystemSynchronizedGroups = (
				0CFDA81E2DAF9B8000D21BD2 /* formosaOilStation */,
			);
			name = formosaOilStation;
			packageProductDependencies = (
				0CFDA8432DAFA3A300D21BD2 /* SnapKit */,
				0CFDA8462DAFA3AC00D21BD2 /* Alamofire */,
				0C4B39C22E4303E300E5910C /* SwiftSoup */,
				0C4B3A692E49925100E5910C /* GooglePlaces */,
				0C4B3A6B2E49925100E5910C /* GooglePlacesSwift */,
			);
			productName = formosaOilStation;
			productReference = 0CFDA81C2DAF9B8000D21BD2 /* formosaOilStation.app */;
			productType = "com.apple.product-type.application";
		};
/* End PBXNativeTarget section */

/* Begin PBXProject section */
		0CFDA8142DAF9B8000D21BD2 /* Project object */ = {
			isa = PBXProject;
			attributes = {
				BuildIndependentTargetsInParallel = 1;
				LastSwiftUpdateCheck = 1610;
				LastUpgradeCheck = 1610;
				TargetAttributes = {
					0CFDA81B2DAF9B8000D21BD2 = {
						CreatedOnToolsVersion = 16.1;
					};
				};
			};
			buildConfigurationList = 0CFDA8172DAF9B8000D21BD2 /* Build configuration list for PBXProject "formosaOilStation" */;
			developmentRegion = en;
			hasScannedForEncodings = 0;
			knownRegions = (
				en,
				Base,
			);
			mainGroup = 0CFDA8132DAF9B8000D21BD2;
			minimizedProjectReferenceProxies = 1;
			packageReferences = (
				0CFDA8422DAFA3A300D21BD2 /* XCRemoteSwiftPackageReference "SnapKit" */,
				0CFDA8452DAFA3AC00D21BD2 /* XCRemoteSwiftPackageReference "Alamofire" */,
				0C4B39C12E4303E300E5910C /* XCRemoteSwiftPackageReference "SwiftSoup" */,
				0C4B3A682E49925100E5910C /* XCRemoteSwiftPackageReference "ios-places-sdk" */,
			);
			preferredProjectObjectVersion = 77;
			productRefGroup = 0CFDA81D2DAF9B8000D21BD2 /* Products */;
			projectDirPath = "";
			projectRoot = "";
			targets = (
				0CFDA81B2DAF9B8000D21BD2 /* formosaOilStation */,
			);
		};
/* End PBXProject section */

/* Begin PBXResourcesBuildPhase section */
		0CFDA81A2DAF9B8000D21BD2 /* Resources */ = {
			isa = PBXResourcesBuildPhase;
			buildActionMask = 2147483647;
			files = (
			);
			runOnlyForDeploymentPostprocessing = 0;
		};
/* End PBXResourcesBuildPhase section */

/* Begin PBXSourcesBuildPhase section */
		0CFDA8182DAF9B8000D21BD2 /* Sources */ = {
			isa = PBXSourcesBuildPhase;
			buildActionMask = 2147483647;
			files = (
			);
			runOnlyForDeploymentPostprocessing = 0;
		};
/* End PBXSourcesBuildPhase section */

/* Begin XCBuildConfiguration section */
		0CFDA8302DAF9B8100D21BD2 /* Debug */ = {
			isa = XCBuildConfiguration;
			buildSettings = {
				ASSETCATALOG_COMPILER_APPICON_NAME = AppIcon;
				ASSETCATALOG_COMPILER_GLOBAL_ACCENT_COLOR_NAME = AccentColor;
				CODE_SIGN_STYLE = Automatic;
				CURRENT_PROJECT_VERSION = 1;
				DEVELOPMENT_TEAM = 4FT36H5X3W;
				GENERATE_INFOPLIST_FILE = YES;
				INFOPLIST_FILE = formosaOilStation/Info.plist;
				INFOPLIST_KEY_NSLocationWhenInUseUsageDescription = "需要使用您的定位讓地圖上顯示您所在位置或區域範圍，位置座標訊息在關閉APP後即被清除。";
				INFOPLIST_KEY_UIApplicationSupportsIndirectInputEvents = YES;
				INFOPLIST_KEY_UILaunchStoryboardName = LaunchScreen;
				INFOPLIST_KEY_UISupportedInterfaceOrientations_iPad = "UIInterfaceOrientationPortrait UIInterfaceOrientationPortraitUpsideDown UIInterfaceOrientationLandscapeLeft UIInterfaceOrientationLandscapeRight";
				INFOPLIST_KEY_UISupportedInterfaceOrientations_iPhone = "UIInterfaceOrientationPortrait UIInterfaceOrientationLandscapeLeft UIInterfaceOrientationLandscapeRight";
				INFOPLIST_KEY_UIUserInterfaceStyle = Light;
				IPHONEOS_DEPLOYMENT_TARGET = 15.6;
				LD_RUNPATH_SEARCH_PATHS = (
					"$(inherited)",
					"@executable_path/Frameworks",
				);
				MARKETING_VERSION = 1.0;
				PRODUCT_BUNDLE_IDENTIFIER = com.gty.formosaOilStationMap;
				PRODUCT_NAME = "$(TARGET_NAME)";
				SWIFT_EMIT_LOC_STRINGS = YES;
				SWIFT_VERSION = 5.0;
				TARGETED_DEVICE_FAMILY = "1,2";
			};
			name = Debug;
		};
		0CFDA8312DAF9B8100D21BD2 /* Release */ = {
			isa = XCBuildConfiguration;
			buildSettings = {
				ASSETCATALOG_COMPILER_APPICON_NAME = AppIcon;
				ASSETCATALOG_COMPILER_GLOBAL_ACCENT_COLOR_NAME = AccentColor;
				CODE_SIGN_STYLE = Automatic;
				CURRENT_PROJECT_VERSION = 1;
				DEVELOPMENT_TEAM = 4FT36H5X3W;
				GENERATE_INFOPLIST_FILE = YES;
				INFOPLIST_FILE = formosaOilStation/Info.plist;
				INFOPLIST_KEY_NSLocationWhenInUseUsageDescription = "需要使用您的定位讓地圖上顯示您所在位置或區域範圍，位置座標訊息在關閉APP後即被清除。";
				INFOPLIST_KEY_UIApplicationSupportsIndirectInputEvents = YES;
				INFOPLIST_KEY_UILaunchStoryboardName = LaunchScreen;
				INFOPLIST_KEY_UISupportedInterfaceOrientations_iPad = "UIInterfaceOrientationPortrait UIInterfaceOrientationPortraitUpsideDown UIInterfaceOrientationLandscapeLeft UIInterfaceOrientationLandscapeRight";
				INFOPLIST_KEY_UISupportedInterfaceOrientations_iPhone = "UIInterfaceOrientationPortrait UIInterfaceOrientationLandscapeLeft UIInterfaceOrientationLandscapeRight";
				INFOPLIST_KEY_UIUserInterfaceStyle = Light;
				IPHONEOS_DEPLOYMENT_TARGET = 15.6;
				LD_RUNPATH_SEARCH_PATHS = (
					"$(inherited)",
					"@executable_path/Frameworks",
				);
				MARKETING_VERSION = 1.0;
				PRODUCT_BUNDLE_IDENTIFIER = com.gty.formosaOilStationMap;
				PRODUCT_NAME = "$(TARGET_NAME)";
				SWIFT_EMIT_LOC_STRINGS = YES;
				SWIFT_VERSION = 5.0;
				TARGETED_DEVICE_FAMILY = "1,2";
			};
			name = Release;
		};
		0CFDA8322DAF9B8100D21BD2 /* Debug */ = {
			isa = XCBuildConfiguration;
			buildSettings = {
				ALWAYS_SEARCH_USER_PATHS = NO;
				ASSETCATALOG_COMPILER_GENERATE_SWIFT_ASSET_SYMBOL_EXTENSIONS = YES;
				CLANG_ANALYZER_NONNULL = YES;
				CLANG_ANALYZER_NUMBER_OBJECT_CONVERSION = YES_AGGRESSIVE;
				CLANG_CXX_LANGUAGE_STANDARD = "gnu++20";
				CLANG_ENABLE_MODULES = YES;
				CLANG_ENABLE_OBJC_ARC = YES;
				CLANG_ENABLE_OBJC_WEAK = YES;
				CLANG_WARN_BLOCK_CAPTURE_AUTORELEASING = YES;
				CLANG_WARN_BOOL_CONVERSION = YES;
				CLANG_WARN_COMMA = YES;
				CLANG_WARN_CONSTANT_CONVERSION = YES;
				CLANG_WARN_DEPRECATED_OBJC_IMPLEMENTATIONS = YES;
				CLANG_WARN_DIRECT_OBJC_ISA_USAGE = YES_ERROR;
				CLANG_WARN_DOCUMENTATION_COMMENTS = YES;
				CLANG_WARN_EMPTY_BODY = YES;
				CLANG_WARN_ENUM_CONVERSION = YES;
				CLANG_WARN_INFINITE_RECURSION = YES;
				CLANG_WARN_INT_CONVERSION = YES;
				CLANG_WARN_NON_LITERAL_NULL_CONVERSION = YES;
				CLANG_WARN_OBJC_IMPLICIT_RETAIN_SELF = YES;
				CLANG_WARN_OBJC_LITERAL_CONVERSION = YES;
				CLANG_WARN_OBJC_ROOT_CLASS = YES_ERROR;
				CLANG_WARN_QUOTED_INCLUDE_IN_FRAMEWORK_HEADER = YES;
				CLANG_WARN_RANGE_LOOP_ANALYSIS = YES;
				CLANG_WARN_STRICT_PROTOTYPES = YES;
				CLANG_WARN_SUSPICIOUS_MOVE = YES;
				CLANG_WARN_UNGUARDED_AVAILABILITY = YES_AGGRESSIVE;
				CLANG_WARN_UNREACHABLE_CODE = YES;
				CLANG_WARN__DUPLICATE_METHOD_MATCH = YES;
				COPY_PHASE_STRIP = NO;
				DEBUG_INFORMATION_FORMAT = dwarf;
				ENABLE_STRICT_OBJC_MSGSEND = YES;
				ENABLE_TESTABILITY = YES;
				ENABLE_USER_SCRIPT_SANDBOXING = YES;
				GCC_C_LANGUAGE_STANDARD = gnu17;
				GCC_DYNAMIC_NO_PIC = NO;
				GCC_NO_COMMON_BLOCKS = YES;
				GCC_OPTIMIZATION_LEVEL = 0;
				GCC_PREPROCESSOR_DEFINITIONS = (
					"DEBUG=1",
					"$(inherited)",
				);
				GCC_WARN_64_TO_32_BIT_CONVERSION = YES;
				GCC_WARN_ABOUT_RETURN_TYPE = YES_ERROR;
				GCC_WARN_UNDECLARED_SELECTOR = YES;
				GCC_WARN_UNINITIALIZED_AUTOS = YES_AGGRESSIVE;
				GCC_WARN_UNUSED_FUNCTION = YES;
				GCC_WARN_UNUSED_VARIABLE = YES;
				IPHONEOS_DEPLOYMENT_TARGET = 18.1;
				LOCALIZATION_PREFERS_STRING_CATALOGS = YES;
				MTL_ENABLE_DEBUG_INFO = INCLUDE_SOURCE;
				MTL_FAST_MATH = YES;
				ONLY_ACTIVE_ARCH = YES;
				SDKROOT = iphoneos;
				SWIFT_ACTIVE_COMPILATION_CONDITIONS = "DEBUG $(inherited)";
				SWIFT_OPTIMIZATION_LEVEL = "-Onone";
			};
			name = Debug;
		};
		0CFDA8332DAF9B8100D21BD2 /* Release */ = {
			isa = XCBuildConfiguration;
			buildSettings = {
				ALWAYS_SEARCH_USER_PATHS = NO;
				ASSETCATALOG_COMPILER_GENERATE_SWIFT_ASSET_SYMBOL_EXTENSIONS = YES;
				CLANG_ANALYZER_NONNULL = YES;
				CLANG_ANALYZER_NUMBER_OBJECT_CONVERSION = YES_AGGRESSIVE;
				CLANG_CXX_LANGUAGE_STANDARD = "gnu++20";
				CLANG_ENABLE_MODULES = YES;
				CLANG_ENABLE_OBJC_ARC = YES;
				CLANG_ENABLE_OBJC_WEAK = YES;
				CLANG_WARN_BLOCK_CAPTURE_AUTORELEASING = YES;
				CLANG_WARN_BOOL_CONVERSION = YES;
				CLANG_WARN_COMMA = YES;
				CLANG_WARN_CONSTANT_CONVERSION = YES;
				CLANG_WARN_DEPRECATED_OBJC_IMPLEMENTATIONS = YES;
				CLANG_WARN_DIRECT_OBJC_ISA_USAGE = YES_ERROR;
				CLANG_WARN_DOCUMENTATION_COMMENTS = YES;
				CLANG_WARN_EMPTY_BODY = YES;
				CLANG_WARN_ENUM_CONVERSION = YES;
				CLANG_WARN_INFINITE_RECURSION = YES;
				CLANG_WARN_INT_CONVERSION = YES;
				CLANG_WARN_NON_LITERAL_NULL_CONVERSION = YES;
				CLANG_WARN_OBJC_IMPLICIT_RETAIN_SELF = YES;
				CLANG_WARN_OBJC_LITERAL_CONVERSION = YES;
				CLANG_WARN_OBJC_ROOT_CLASS = YES_ERROR;
				CLANG_WARN_QUOTED_INCLUDE_IN_FRAMEWORK_HEADER = YES;
				CLANG_WARN_RANGE_LOOP_ANALYSIS = YES;
				CLANG_WARN_STRICT_PROTOTYPES = YES;
				CLANG_WARN_SUSPICIOUS_MOVE = YES;
				CLANG_WARN_UNGUARDED_AVAILABILITY = YES_AGGRESSIVE;
				CLANG_WARN_UNREACHABLE_CODE = YES;
				CLANG_WARN__DUPLICATE_METHOD_MATCH = YES;
				COPY_PHASE_STRIP = NO;
				DEBUG_INFORMATION_FORMAT = "dwarf-with-dsym";
				ENABLE_NS_ASSERTIONS = NO;
				ENABLE_STRICT_OBJC_MSGSEND = YES;
				ENABLE_USER_SCRIPT_SANDBOXING = YES;
				GCC_C_LANGUAGE_STANDARD = gnu17;
				GCC_NO_COMMON_BLOCKS = YES;
				GCC_WARN_64_TO_32_BIT_CONVERSION = YES;
				GCC_WARN_ABOUT_RETURN_TYPE = YES_ERROR;
				GCC_WARN_UNDECLARED_SELECTOR = YES;
				GCC_WARN_UNINITIALIZED_AUTOS = YES_AGGRESSIVE;
				GCC_WARN_UNUSED_FUNCTION = YES;
				GCC_WARN_UNUSED_VARIABLE = YES;
				IPHONEOS_DEPLOYMENT_TARGET = 18.1;
				LOCALIZATION_PREFERS_STRING_CATALOGS = YES;
				MTL_ENABLE_DEBUG_INFO = NO;
				MTL_FAST_MATH = YES;
				SDKROOT = iphoneos;
				SWIFT_COMPILATION_MODE = wholemodule;
				VALIDATE_PRODUCT = YES;
			};
			name = Release;
		};
/* End XCBuildConfiguration section */

/* Begin XCConfigurationList section */
		0CFDA8172DAF9B8000D21BD2 /* Build configuration list for PBXProject "formosaOilStation" */ = {
			isa = XCConfigurationList;
			buildConfigurations = (
				0CFDA8322DAF9B8100D21BD2 /* Debug */,
				0CFDA8332DAF9B8100D21BD2 /* Release */,
			);
			defaultConfigurationIsVisible = 0;
			defaultConfigurationName = Release;
		};
		0CFDA82F2DAF9B8100D21BD2 /* Build configuration list for PBXNativeTarget "formosaOilStation" */ = {
			isa = XCConfigurationList;
			buildConfigurations = (
				0CFDA8302DAF9B8100D21BD2 /* Debug */,
				0CFDA8312DAF9B8100D21BD2 /* Release */,
			);
			defaultConfigurationIsVisible = 0;
			defaultConfigurationName = Release;
		};
/* End XCConfigurationList section */

/* Begin XCRemoteSwiftPackageReference section */
		0C4B39C12E4303E300E5910C /* XCRemoteSwiftPackageReference "SwiftSoup" */ = {
			isa = XCRemoteSwiftPackageReference;
			repositoryURL = "https://github.com/scinfu/SwiftSoup";
			requirement = {
				kind = upToNextMajorVersion;
				minimumVersion = 2.10.0;
			};
		};
		0C4B3A682E49925100E5910C /* XCRemoteSwiftPackageReference "ios-places-sdk" */ = {
			isa = XCRemoteSwiftPackageReference;
			repositoryURL = "https://github.com/googlemaps/ios-places-sdk";
			requirement = {
				kind = upToNextMajorVersion;
				minimumVersion = 10.1.0;
			};
		};
		0CFDA8422DAFA3A300D21BD2 /* XCRemoteSwiftPackageReference "SnapKit" */ = {
			isa = XCRemoteSwiftPackageReference;
			repositoryURL = "https://github.com/SnapKit/SnapKit";
			requirement = {
				kind = upToNextMajorVersion;
				minimumVersion = 5.7.1;
			};
		};
		0CFDA8452DAFA3AC00D21BD2 /* XCRemoteSwiftPackageReference "Alamofire" */ = {
			isa = XCRemoteSwiftPackageReference;
			repositoryURL = "https://github.com/Alamofire/Alamofire";
			requirement = {
				kind = upToNextMajorVersion;
				minimumVersion = 5.10.2;
			};
		};
/* End XCRemoteSwiftPackageReference section */

/* Begin XCSwiftPackageProductDependency section */
		0C4B39C22E4303E300E5910C /* SwiftSoup */ = {
			isa = XCSwiftPackageProductDependency;
			package = 0C4B39C12E4303E300E5910C /* XCRemoteSwiftPackageReference "SwiftSoup" */;
			productName = SwiftSoup;
		};
		0C4B3A692E49925100E5910C /* GooglePlaces */ = {
			isa = XCSwiftPackageProductDependency;
			package = 0C4B3A682E49925100E5910C /* XCRemoteSwiftPackageReference "ios-places-sdk" */;
			productName = GooglePlaces;
		};
		0C4B3A6B2E49925100E5910C /* GooglePlacesSwift */ = {
			isa = XCSwiftPackageProductDependency;
			package = 0C4B3A682E49925100E5910C /* XCRemoteSwiftPackageReference "ios-places-sdk" */;
			productName = GooglePlacesSwift;
		};
		0CFDA8432DAFA3A300D21BD2 /* SnapKit */ = {
			isa = XCSwiftPackageProductDependency;
			package = 0CFDA8422DAFA3A300D21BD2 /* XCRemoteSwiftPackageReference "SnapKit" */;
			productName = SnapKit;
		};
		0CFDA8462DAFA3AC00D21BD2 /* Alamofire */ = {
			isa = XCSwiftPackageProductDependency;
			package = 0CFDA8452DAFA3AC00D21BD2 /* XCRemoteSwiftPackageReference "Alamofire" */;
			productName = Alamofire;
		};
/* End XCSwiftPackageProductDependency section */
	};
	rootObject = 0CFDA8142DAF9B8000D21BD2 /* Project object */;
}
